
Microsoft Visual Studio Solution File, Format Version 12.00
# Visual Studio Version 17
VisualStudioVersion = 17.2.32616.157
MinimumVisualStudioVersion = 10.0.40219.1
Project("{9A19103F-16F7-4668-BE54-9A1E7A4F7556}") = "Trucks", "Trucks\Trucks.csproj", "{679BFD82-A14C-48A9-923F-9CD1D9D759AA}"
EndProject
Global
	GlobalSection(SolutionConfigurationPlatforms) = preSolution
		Debug|Any CPU = Debug|Any CPU
		Release|Any CPU = Release|Any CPU
	EndGlobalSection
	GlobalSection(ProjectConfigurationPlatforms) = postSolution
		{679BFD82-A14C-48A9-923F-9CD1D9D759AA}.Debug|Any CPU.ActiveCfg = Debug|Any CPU
		{679BFD82-A14C-48A9-923F-9CD1D9D759AA}.Debug|Any CPU.Build.0 = Debug|Any CPU
		{679BFD82-A14C-48A9-923F-9CD1D9D759AA}.Release|Any CPU.ActiveCfg = Release|Any CPU
		{679BFD82-A14C-48A9-923F-9CD1D9D759AA}.Release|Any CPU.Build.0 = Release|Any CPU
	EndGlobalSection
	GlobalSection(SolutionProperties) = preSolution
		HideSolutionNode = FALSE
	EndGlobalSection
	GlobalSection(ExtensibilityGlobals) = postSolution
		SolutionGuid = {B828130B-66F0-4F05-83C7-80C8061EC42C}
	EndGlobalSection
EndGlobal
