
Microsoft Visual Studio Solution File, Format Version 12.00
# Visual Studio Version 17
VisualStudioVersion = 17.2.32616.157
MinimumVisualStudioVersion = 10.0.40219.1
Project("{9A19103F-16F7-4668-BE54-9A1E7A4F7556}") = "SoftJail", "SoftJail\SoftJail.csproj", "{71530911-2967-4360-AB50-58C7C80489F3}"
EndProject
Global
	GlobalSection(SolutionConfigurationPlatforms) = preSolution
		Debug|Any CPU = Debug|Any CPU
		Release|Any CPU = Release|Any CPU
	EndGlobalSection
	GlobalSection(ProjectConfigurationPlatforms) = postSolution
		{71530911-2967-4360-AB50-58C7C80489F3}.Debug|Any CPU.ActiveCfg = Debug|Any CPU
		{71530911-2967-4360-AB50-58C7C80489F3}.Debug|Any CPU.Build.0 = Debug|Any CPU
		{71530911-2967-4360-AB50-58C7C80489F3}.Release|Any CPU.ActiveCfg = Release|Any CPU
		{71530911-2967-4360-AB50-58C7C80489F3}.Release|Any CPU.Build.0 = Release|Any CPU
	EndGlobalSection
	GlobalSection(SolutionProperties) = preSolution
		HideSolutionNode = FALSE
	EndGlobalSection
	GlobalSection(ExtensibilityGlobals) = postSolution
		SolutionGuid = {B05236CC-D94E-4EAB-AAAF-9A6AB099EF58}
	EndGlobalSection
EndGlobal
