
Microsoft Visual Studio Solution File, Format Version 12.00
# Visual Studio Version 17
VisualStudioVersion = 17.2.32616.157
MinimumVisualStudioVersion = 10.0.40219.1
Project("{9A19103F-16F7-4668-BE54-9A1E7A4F7556}") = "Footballers", "Footballers\Footballers.csproj", "{C1388D8F-DCA3-4F80-ABB1-86012693A5C5}"
EndProject
Global
	GlobalSection(SolutionConfigurationPlatforms) = preSolution
		Debug|Any CPU = Debug|Any CPU
		Release|Any CPU = Release|Any CPU
	EndGlobalSection
	GlobalSection(ProjectConfigurationPlatforms) = postSolution
		{C1388D8F-DCA3-4F80-ABB1-86012693A5C5}.Debug|Any CPU.ActiveCfg = Debug|Any CPU
		{C1388D8F-DCA3-4F80-ABB1-86012693A5C5}.Debug|Any CPU.Build.0 = Debug|Any CPU
		{C1388D8F-DCA3-4F80-ABB1-86012693A5C5}.Release|Any CPU.ActiveCfg = Release|Any CPU
		{C1388D8F-DCA3-4F80-ABB1-86012693A5C5}.Release|Any CPU.Build.0 = Release|Any CPU
	EndGlobalSection
	GlobalSection(SolutionProperties) = preSolution
		HideSolutionNode = FALSE
	EndGlobalSection
	GlobalSection(ExtensibilityGlobals) = postSolution
		SolutionGuid = {6AD2E407-726D-40A7-A01B-7A2F12A5E377}
	EndGlobalSection
EndGlobal
