
Microsoft Visual Studio Solution File, Format Version 12.00
# Visual Studio Version 17
VisualStudioVersion = 17.2.32616.157
MinimumVisualStudioVersion = 10.0.40219.1
Project("{FAE04EC0-301F-11D3-BF4B-00C04F79EFBC}") = "VillainNames", "VillainNames\VillainNames.csproj", "{E6DE3ADC-9444-477A-B2EF-1FE0CE94227B}"
EndProject
Global
	GlobalSection(SolutionConfigurationPlatforms) = preSolution
		Debug|Any CPU = Debug|Any CPU
		Release|Any CPU = Release|Any CPU
	EndGlobalSection
	GlobalSection(ProjectConfigurationPlatforms) = postSolution
		{E6DE3ADC-9444-477A-B2EF-1FE0CE94227B}.Debug|Any CPU.ActiveCfg = Debug|Any CPU
		{E6DE3ADC-9444-477A-B2EF-1FE0CE94227B}.Debug|Any CPU.Build.0 = Debug|Any CPU
		{E6DE3ADC-9444-477A-B2EF-1FE0CE94227B}.Release|Any CPU.ActiveCfg = Release|Any CPU
		{E6DE3ADC-9444-477A-B2EF-1FE0CE94227B}.Release|Any CPU.Build.0 = Release|Any CPU
	EndGlobalSection
	GlobalSection(SolutionProperties) = preSolution
		HideSolutionNode = FALSE
	EndGlobalSection
	GlobalSection(ExtensibilityGlobals) = postSolution
		SolutionGuid = {476383F0-E5CC-4A9F-ACE2-B6226D2275C4}
	EndGlobalSection
EndGlobal
